
Microsoft Visual Studio Solution File, Format Version 12.00
# Visual Studio Version 17
VisualStudioVersion = 17.6.33829.357
MinimumVisualStudioVersion = 10.0.40219.1
Project("{9A19103F-16F7-4668-BE54-9A1E7A4F7556}") = "WebApplication2", "WebApplication2\WebApplication2.csproj", "{3DFE9D7D-E1DC-4B2F-83AA-6026D241EE26}"
EndProject
Project("{9A19103F-16F7-4668-BE54-9A1E7A4F7556}") = "IISHacks", "IISHacks\IISHacks.csproj", "{3B316934-A315-496E-89C3-B03D74774FFB}"
EndProject
Project("{FAE04EC0-301F-11D3-BF4B-00C04F79EFBC}") = "WebApplication3", "WebApplication3\WebApplication3.csproj", "{F1F6109E-ADD2-4632-84AE-6281780C5CCC}"
EndProject
Project("{FAE04EC0-301F-11D3-BF4B-00C04F79EFBC}") = "WebApplication1", "WebApplication1\WebApplication1.csproj", "{616CE11A-7FCA-4DC3-9131-DBA2403969E4}"
EndProject
Project("{FAE04EC0-301F-11D3-BF4B-00C04F79EFBC}") = "Shared", "Shared\Shared.csproj", "{AE35E178-F8E3-421D-8CE9-D77244A38D1B}"
EndProject
Global
	GlobalSection(SolutionConfigurationPlatforms) = preSolution
		Debug|Any CPU = Debug|Any CPU
		Release|Any CPU = Release|Any CPU
	EndGlobalSection
	GlobalSection(ProjectConfigurationPlatforms) = postSolution
		{3DFE9D7D-E1DC-4B2F-83AA-6026D241EE26}.Debug|Any CPU.ActiveCfg = Debug|Any CPU
		{3DFE9D7D-E1DC-4B2F-83AA-6026D241EE26}.Debug|Any CPU.Build.0 = Debug|Any CPU
		{3DFE9D7D-E1DC-4B2F-83AA-6026D241EE26}.Release|Any CPU.ActiveCfg = Release|Any CPU
		{3DFE9D7D-E1DC-4B2F-83AA-6026D241EE26}.Release|Any CPU.Build.0 = Release|Any CPU
		{3B316934-A315-496E-89C3-B03D74774FFB}.Debug|Any CPU.ActiveCfg = Debug|Any CPU
		{3B316934-A315-496E-89C3-B03D74774FFB}.Debug|Any CPU.Build.0 = Debug|Any CPU
		{3B316934-A315-496E-89C3-B03D74774FFB}.Release|Any CPU.ActiveCfg = Release|Any CPU
		{3B316934-A315-496E-89C3-B03D74774FFB}.Release|Any CPU.Build.0 = Release|Any CPU
		{F1F6109E-ADD2-4632-84AE-6281780C5CCC}.Debug|Any CPU.ActiveCfg = Debug|Any CPU
		{F1F6109E-ADD2-4632-84AE-6281780C5CCC}.Debug|Any CPU.Build.0 = Debug|Any CPU
		{F1F6109E-ADD2-4632-84AE-6281780C5CCC}.Release|Any CPU.ActiveCfg = Release|Any CPU
		{F1F6109E-ADD2-4632-84AE-6281780C5CCC}.Release|Any CPU.Build.0 = Release|Any CPU
		{616CE11A-7FCA-4DC3-9131-DBA2403969E4}.Debug|Any CPU.ActiveCfg = Debug|Any CPU
		{616CE11A-7FCA-4DC3-9131-DBA2403969E4}.Debug|Any CPU.Build.0 = Debug|Any CPU
		{616CE11A-7FCA-4DC3-9131-DBA2403969E4}.Release|Any CPU.ActiveCfg = Release|Any CPU
		{616CE11A-7FCA-4DC3-9131-DBA2403969E4}.Release|Any CPU.Build.0 = Release|Any CPU
		{AE35E178-F8E3-421D-8CE9-D77244A38D1B}.Debug|Any CPU.ActiveCfg = Debug|Any CPU
		{AE35E178-F8E3-421D-8CE9-D77244A38D1B}.Debug|Any CPU.Build.0 = Debug|Any CPU
		{AE35E178-F8E3-421D-8CE9-D77244A38D1B}.Release|Any CPU.ActiveCfg = Release|Any CPU
		{AE35E178-F8E3-421D-8CE9-D77244A38D1B}.Release|Any CPU.Build.0 = Release|Any CPU
	EndGlobalSection
	GlobalSection(SolutionProperties) = preSolution
		HideSolutionNode = FALSE
	EndGlobalSection
	GlobalSection(ExtensibilityGlobals) = postSolution
		SolutionGuid = {C23603F4-AB1A-4EDD-AD9D-35B4B280AF0F}
	EndGlobalSection
EndGlobal
